
Microsoft Visual Studio Solution File, Format Version 12.00
# Visual Studio Version 16
VisualStudioVersion = 16.0.30804.86
MinimumVisualStudioVersion = 15.0.26124.0
Project("{FAE04EC0-301F-11D3-BF4B-00C04F79EFBC}") = "RN.Covid.API", "RN.Covid.API\RN.Covid.API.csproj", "{BC12AE09-F5F1-4D34-880A-0174257C95AA}"
EndProject
Global
	GlobalSection(SolutionConfigurationPlatforms) = preSolution
		Debug|Any CPU = Debug|Any CPU
		Debug|x64 = Debug|x64
		Debug|x86 = Debug|x86
		Release|Any CPU = Release|Any CPU
		Release|x64 = Release|x64
		Release|x86 = Release|x86
	EndGlobalSection
	GlobalSection(ProjectConfigurationPlatforms) = postSolution
		{BC12AE09-F5F1-4D34-880A-0174257C95AA}.Debug|Any CPU.ActiveCfg = Debug|Any CPU
		{BC12AE09-F5F1-4D34-880A-0174257C95AA}.Debug|Any CPU.Build.0 = Debug|Any CPU
		{BC12AE09-F5F1-4D34-880A-0174257C95AA}.Debug|x64.ActiveCfg = Debug|Any CPU
		{BC12AE09-F5F1-4D34-880A-0174257C95AA}.Debug|x64.Build.0 = Debug|Any CPU
		{BC12AE09-F5F1-4D34-880A-0174257C95AA}.Debug|x86.ActiveCfg = Debug|Any CPU
		{BC12AE09-F5F1-4D34-880A-0174257C95AA}.Debug|x86.Build.0 = Debug|Any CPU
		{BC12AE09-F5F1-4D34-880A-0174257C95AA}.Release|Any CPU.ActiveCfg = Release|Any CPU
		{BC12AE09-F5F1-4D34-880A-0174257C95AA}.Release|Any CPU.Build.0 = Release|Any CPU
		{BC12AE09-F5F1-4D34-880A-0174257C95AA}.Release|x64.ActiveCfg = Release|Any CPU
		{BC12AE09-F5F1-4D34-880A-0174257C95AA}.Release|x64.Build.0 = Release|Any CPU
		{BC12AE09-F5F1-4D34-880A-0174257C95AA}.Release|x86.ActiveCfg = Release|Any CPU
		{BC12AE09-F5F1-4D34-880A-0174257C95AA}.Release|x86.Build.0 = Release|Any CPU
	EndGlobalSection
	GlobalSection(SolutionProperties) = preSolution
		HideSolutionNode = FALSE
	EndGlobalSection
	GlobalSection(ExtensibilityGlobals) = postSolution
		SolutionGuid = {AE4BED02-AC78-4312-B8E8-DE7488F28856}
	EndGlobalSection
EndGlobal
